
Microsoft Visual Studio Solution File, Format Version 12.00
# Visual Studio Version 16
VisualStudioVersion = 16.0.30320.27
MinimumVisualStudioVersion = 10.0.40219.1
Project("{FAE04EC0-301F-11D3-BF4B-00C04F79EFBC}") = "VehiclesProj", "VehiclesProj\VehiclesProj.csproj", "{0280B157-F888-435D-8CFB-C7E5F94283AA}"
EndProject
Global
	GlobalSection(SolutionConfigurationPlatforms) = preSolution
		Debug|Any CPU = Debug|Any CPU
		Release|Any CPU = Release|Any CPU
	EndGlobalSection
	GlobalSection(ProjectConfigurationPlatforms) = postSolution
		{0280B157-F888-435D-8CFB-C7E5F94283AA}.Debug|Any CPU.ActiveCfg = Debug|Any CPU
		{0280B157-F888-435D-8CFB-C7E5F94283AA}.Debug|Any CPU.Build.0 = Debug|Any CPU
		{0280B157-F888-435D-8CFB-C7E5F94283AA}.Release|Any CPU.ActiveCfg = Release|Any CPU
		{0280B157-F888-435D-8CFB-C7E5F94283AA}.Release|Any CPU.Build.0 = Release|Any CPU
	EndGlobalSection
	GlobalSection(SolutionProperties) = preSolution
		HideSolutionNode = FALSE
	EndGlobalSection
	GlobalSection(ExtensibilityGlobals) = postSolution
		SolutionGuid = {016A8D0A-6EB0-4588-9516-6887BB7BEDD3}
	EndGlobalSection
EndGlobal
